
Microsoft Visual Studio Solution File, Format Version 12.00
# Visual Studio 15
VisualStudioVersion = 15.0.27428.2015
MinimumVisualStudioVersion = 10.0.40219.1
Project("{2150E333-8FDC-42A3-9474-1A3956D46DE8}") = "01 - Presentation", "01 - Presentation", "{39EF2327-41F4-4BCE-A137-5DF44BEAD535}"
EndProject
Project("{2150E333-8FDC-42A3-9474-1A3956D46DE8}") = "02 - Infrastructure", "02 - Infrastructure", "{12101E9A-B836-411B-9D81-C8ECD5B3B4BB}"
EndProject
Project("{2150E333-8FDC-42A3-9474-1A3956D46DE8}") = "03 - Core", "03 - Core", "{DEE001CF-99EE-4827-A428-0577B7DE3293}"
EndProject
Project("{2150E333-8FDC-42A3-9474-1A3956D46DE8}") = "04 - Tests", "04 - Tests", "{FE849986-AF76-4C42-82DC-02AED9626DBB}"
EndProject
Project("{9A19103F-16F7-4668-BE54-9A1E7A4F7556}") = "SSE.Business", "SSE.Business\SSE.Business.csproj", "{70B470BD-DFCE-4118-B628-C857C76FEE1A}"
EndProject
Project("{9A19103F-16F7-4668-BE54-9A1E7A4F7556}") = "SSE.Domain", "SSE.Domain\SSE.Domain.csproj", "{AAC677CB-97CF-49B6-844C-578CAF9B962D}"
EndProject
Project("{9A19103F-16F7-4668-BE54-9A1E7A4F7556}") = "SSE.CqrsCore", "SSE.CqrsCore\SSE.CqrsCore.csproj", "{E8ADB39A-D63B-4D4A-803C-73053E749AD9}"
EndProject
Project("{9A19103F-16F7-4668-BE54-9A1E7A4F7556}") = "SSE.WebApi", "SSE.WebApi\SSE.WebApi.csproj", "{A3AC53B6-CA02-497B-BB5C-6A75572F089B}"
EndProject
Project("{9A19103F-16F7-4668-BE54-9A1E7A4F7556}") = "SSE.Infrastructure", "SSE.Infrastructure\SSE.Infrastructure.csproj", "{AC17AA40-A1BC-41B3-804D-31BE0CB4BD8A}"
EndProject
Project("{FAE04EC0-301F-11D3-BF4B-00C04F79EFBC}") = "UnitTestProject2", "UnitTestProject2\UnitTestProject2.csproj", "{615A9EAD-5E88-47C9-85A0-EFD45CA8DD6B}"
EndProject
Global
	GlobalSection(SolutionConfigurationPlatforms) = preSolution
		Debug|Any CPU = Debug|Any CPU
		Release|Any CPU = Release|Any CPU
	EndGlobalSection
	GlobalSection(ProjectConfigurationPlatforms) = postSolution
		{70B470BD-DFCE-4118-B628-C857C76FEE1A}.Debug|Any CPU.ActiveCfg = Debug|Any CPU
		{70B470BD-DFCE-4118-B628-C857C76FEE1A}.Debug|Any CPU.Build.0 = Debug|Any CPU
		{70B470BD-DFCE-4118-B628-C857C76FEE1A}.Release|Any CPU.ActiveCfg = Release|Any CPU
		{70B470BD-DFCE-4118-B628-C857C76FEE1A}.Release|Any CPU.Build.0 = Release|Any CPU
		{AAC677CB-97CF-49B6-844C-578CAF9B962D}.Debug|Any CPU.ActiveCfg = Debug|Any CPU
		{AAC677CB-97CF-49B6-844C-578CAF9B962D}.Debug|Any CPU.Build.0 = Debug|Any CPU
		{AAC677CB-97CF-49B6-844C-578CAF9B962D}.Release|Any CPU.ActiveCfg = Release|Any CPU
		{AAC677CB-97CF-49B6-844C-578CAF9B962D}.Release|Any CPU.Build.0 = Release|Any CPU
		{E8ADB39A-D63B-4D4A-803C-73053E749AD9}.Debug|Any CPU.ActiveCfg = Debug|Any CPU
		{E8ADB39A-D63B-4D4A-803C-73053E749AD9}.Debug|Any CPU.Build.0 = Debug|Any CPU
		{E8ADB39A-D63B-4D4A-803C-73053E749AD9}.Release|Any CPU.ActiveCfg = Release|Any CPU
		{E8ADB39A-D63B-4D4A-803C-73053E749AD9}.Release|Any CPU.Build.0 = Release|Any CPU
		{A3AC53B6-CA02-497B-BB5C-6A75572F089B}.Debug|Any CPU.ActiveCfg = Debug|Any CPU
		{A3AC53B6-CA02-497B-BB5C-6A75572F089B}.Debug|Any CPU.Build.0 = Debug|Any CPU
		{A3AC53B6-CA02-497B-BB5C-6A75572F089B}.Release|Any CPU.ActiveCfg = Release|Any CPU
		{A3AC53B6-CA02-497B-BB5C-6A75572F089B}.Release|Any CPU.Build.0 = Release|Any CPU
		{AC17AA40-A1BC-41B3-804D-31BE0CB4BD8A}.Debug|Any CPU.ActiveCfg = Debug|Any CPU
		{AC17AA40-A1BC-41B3-804D-31BE0CB4BD8A}.Debug|Any CPU.Build.0 = Debug|Any CPU
		{AC17AA40-A1BC-41B3-804D-31BE0CB4BD8A}.Release|Any CPU.ActiveCfg = Release|Any CPU
		{AC17AA40-A1BC-41B3-804D-31BE0CB4BD8A}.Release|Any CPU.Build.0 = Release|Any CPU
		{615A9EAD-5E88-47C9-85A0-EFD45CA8DD6B}.Debug|Any CPU.ActiveCfg = Debug|Any CPU
		{615A9EAD-5E88-47C9-85A0-EFD45CA8DD6B}.Debug|Any CPU.Build.0 = Debug|Any CPU
		{615A9EAD-5E88-47C9-85A0-EFD45CA8DD6B}.Release|Any CPU.ActiveCfg = Release|Any CPU
		{615A9EAD-5E88-47C9-85A0-EFD45CA8DD6B}.Release|Any CPU.Build.0 = Release|Any CPU
	EndGlobalSection
	GlobalSection(SolutionProperties) = preSolution
		HideSolutionNode = FALSE
	EndGlobalSection
	GlobalSection(NestedProjects) = preSolution
		{70B470BD-DFCE-4118-B628-C857C76FEE1A} = {DEE001CF-99EE-4827-A428-0577B7DE3293}
		{AAC677CB-97CF-49B6-844C-578CAF9B962D} = {DEE001CF-99EE-4827-A428-0577B7DE3293}
		{E8ADB39A-D63B-4D4A-803C-73053E749AD9} = {DEE001CF-99EE-4827-A428-0577B7DE3293}
		{A3AC53B6-CA02-497B-BB5C-6A75572F089B} = {39EF2327-41F4-4BCE-A137-5DF44BEAD535}
		{AC17AA40-A1BC-41B3-804D-31BE0CB4BD8A} = {12101E9A-B836-411B-9D81-C8ECD5B3B4BB}
		{615A9EAD-5E88-47C9-85A0-EFD45CA8DD6B} = {FE849986-AF76-4C42-82DC-02AED9626DBB}
	EndGlobalSection
	GlobalSection(ExtensibilityGlobals) = postSolution
		SolutionGuid = {A84F97F9-16B4-4166-A609-045413459D73}
	EndGlobalSection
EndGlobal
